
Microsoft Visual Studio Solution File, Format Version 12.00
# Visual Studio Version 16
VisualStudioVersion = 16.0.30907.101
MinimumVisualStudioVersion = 10.0.40219.1
Project("{FAE04EC0-301F-11D3-BF4B-00C04F79EFBC}") = "NeuralNetwork", "Нейросети\NeuralNetwork.csproj", "{A0DA9A5D-91B7-4943-9E97-D3EEA3C0B782}"
EndProject
Global
	GlobalSection(SolutionConfigurationPlatforms) = preSolution
		Debug|Any CPU = Debug|Any CPU
		Release|Any CPU = Release|Any CPU
	EndGlobalSection
	GlobalSection(ProjectConfigurationPlatforms) = postSolution
		{A0DA9A5D-91B7-4943-9E97-D3EEA3C0B782}.Debug|Any CPU.ActiveCfg = Debug|Any CPU
		{A0DA9A5D-91B7-4943-9E97-D3EEA3C0B782}.Debug|Any CPU.Build.0 = Debug|Any CPU
		{A0DA9A5D-91B7-4943-9E97-D3EEA3C0B782}.Release|Any CPU.ActiveCfg = Release|Any CPU
		{A0DA9A5D-91B7-4943-9E97-D3EEA3C0B782}.Release|Any CPU.Build.0 = Release|Any CPU
	EndGlobalSection
	GlobalSection(SolutionProperties) = preSolution
		HideSolutionNode = FALSE
	EndGlobalSection
	GlobalSection(ExtensibilityGlobals) = postSolution
		SolutionGuid = {00D3672A-9193-43DD-8485-692BC8B3A808}
	EndGlobalSection
EndGlobal
